
Microsoft Visual Studio Solution File, Format Version 12.00
# Visual Studio Version 16
VisualStudioVersion = 16.0.30011.22
MinimumVisualStudioVersion = 10.0.40219.1
Project("{8BC9CEB8-8B4A-11D0-8D11-00A0C91BC942}") = "World Editor", "World Editor\World Editor.vcxproj", "{EA73E5D6-1970-4809-AF3E-B9631D13569F}"
EndProject
Project("{8BC9CEB8-8B4A-11D0-8D11-00A0C91BC942}") = "Game", "Game\Game.vcxproj", "{0C86C863-288F-49A3-BA58-AFFF958E3A08}"
EndProject
Global
	GlobalSection(SolutionConfigurationPlatforms) = preSolution
		Debug|x64 = Debug|x64
		Debug|x86 = Debug|x86
		Release|x64 = Release|x64
		Release|x86 = Release|x86
	EndGlobalSection
	GlobalSection(ProjectConfigurationPlatforms) = postSolution
		{EA73E5D6-1970-4809-AF3E-B9631D13569F}.Debug|x64.ActiveCfg = Debug|x64
		{EA73E5D6-1970-4809-AF3E-B9631D13569F}.Debug|x64.Build.0 = Debug|x64
		{EA73E5D6-1970-4809-AF3E-B9631D13569F}.Debug|x86.ActiveCfg = Debug|Win32
		{EA73E5D6-1970-4809-AF3E-B9631D13569F}.Debug|x86.Build.0 = Debug|Win32
		{EA73E5D6-1970-4809-AF3E-B9631D13569F}.Release|x64.ActiveCfg = Release|x64
		{EA73E5D6-1970-4809-AF3E-B9631D13569F}.Release|x64.Build.0 = Release|x64
		{EA73E5D6-1970-4809-AF3E-B9631D13569F}.Release|x86.ActiveCfg = Release|Win32
		{EA73E5D6-1970-4809-AF3E-B9631D13569F}.Release|x86.Build.0 = Release|Win32
		{0C86C863-288F-49A3-BA58-AFFF958E3A08}.Debug|x64.ActiveCfg = Debug|x64
		{0C86C863-288F-49A3-BA58-AFFF958E3A08}.Debug|x64.Build.0 = Debug|x64
		{0C86C863-288F-49A3-BA58-AFFF958E3A08}.Debug|x86.ActiveCfg = Debug|Win32
		{0C86C863-288F-49A3-BA58-AFFF958E3A08}.Debug|x86.Build.0 = Debug|Win32
		{0C86C863-288F-49A3-BA58-AFFF958E3A08}.Release|x64.ActiveCfg = Release|x64
		{0C86C863-288F-49A3-BA58-AFFF958E3A08}.Release|x64.Build.0 = Release|x64
		{0C86C863-288F-49A3-BA58-AFFF958E3A08}.Release|x86.ActiveCfg = Release|Win32
		{0C86C863-288F-49A3-BA58-AFFF958E3A08}.Release|x86.Build.0 = Release|Win32
	EndGlobalSection
	GlobalSection(SolutionProperties) = preSolution
		HideSolutionNode = FALSE
	EndGlobalSection
	GlobalSection(ExtensibilityGlobals) = postSolution
		SolutionGuid = {9CE39110-5429-4CC0-AE08-9C31E1530552}
	EndGlobalSection
EndGlobal
